
Microsoft Visual Studio Solution File, Format Version 12.00
# Visual Studio Version 17
VisualStudioVersion = 17.3.32929.385
MinimumVisualStudioVersion = 10.0.40219.1
Project("{FAE04EC0-301F-11D3-BF4B-00C04F79EFBC}") = "ExampleMod1", "ExampleMod1\ExampleMod1.csproj", "{E45F7F3F-05DA-4159-BD3F-F8CE97ABA597}"
EndProject
Global
	GlobalSection(SolutionConfigurationPlatforms) = preSolution
		Debug|Any CPU = Debug|Any CPU
		Release|Any CPU = Release|Any CPU
	EndGlobalSection
	GlobalSection(ProjectConfigurationPlatforms) = postSolution
		{E45F7F3F-05DA-4159-BD3F-F8CE97ABA597}.Debug|Any CPU.ActiveCfg = Debug|Any CPU
		{E45F7F3F-05DA-4159-BD3F-F8CE97ABA597}.Debug|Any CPU.Build.0 = Debug|Any CPU
		{E45F7F3F-05DA-4159-BD3F-F8CE97ABA597}.Release|Any CPU.ActiveCfg = Release|Any CPU
		{E45F7F3F-05DA-4159-BD3F-F8CE97ABA597}.Release|Any CPU.Build.0 = Release|Any CPU
	EndGlobalSection
	GlobalSection(SolutionProperties) = preSolution
		HideSolutionNode = FALSE
	EndGlobalSection
	GlobalSection(ExtensibilityGlobals) = postSolution
		SolutionGuid = {549F50EB-C1AD-41A0-A31E-4B454381F4DC}
	EndGlobalSection
EndGlobal
